
Microsoft Visual Studio Solution File, Format Version 12.00
# Visual Studio Version 16
VisualStudioVersion = 16.0.810.8
MinimumVisualStudioVersion = 10.0.40219.1
Project("{D954291E-2A0B-460D-934E-DC6B0785DB48}") = "reactdemoapp-uitest.Shared", "reactdemoappuitest.Shared\reactdemoapp-uitest.Shared.shproj", "{C494D20C-E467-40CD-B23A-78A47B43BD06}"
EndProject
Project("{FAE04EC0-301F-11D3-BF4B-00C04F79EFBC}") = "reactdemoapp-uitest.Droid", "reactdemoapp-uitest.Droid\reactdemoapp-uitest.Droid.csproj", "{4951D9CF-4330-4597-BA3F-B46005BCD619}"
EndProject
Project("{FAE04EC0-301F-11D3-BF4B-00C04F79EFBC}") = "reactdemoapp-uitest.iOS", "reactdemoapp-uitest.iOS\reactdemoapp-uitest.iOS.csproj", "{A3DAFB93-7355-4367-A325-02A7D3952A5F}"
EndProject
Global
	GlobalSection(SolutionConfigurationPlatforms) = preSolution
		Debug|Any CPU = Debug|Any CPU
		Release|Any CPU = Release|Any CPU
	EndGlobalSection
	GlobalSection(ProjectConfigurationPlatforms) = postSolution
		{4951D9CF-4330-4597-BA3F-B46005BCD619}.Debug|Any CPU.ActiveCfg = Debug|Any CPU
		{4951D9CF-4330-4597-BA3F-B46005BCD619}.Debug|Any CPU.Build.0 = Debug|Any CPU
		{4951D9CF-4330-4597-BA3F-B46005BCD619}.Release|Any CPU.ActiveCfg = Release|Any CPU
		{4951D9CF-4330-4597-BA3F-B46005BCD619}.Release|Any CPU.Build.0 = Release|Any CPU
		{A3DAFB93-7355-4367-A325-02A7D3952A5F}.Debug|Any CPU.ActiveCfg = Debug|Any CPU
		{A3DAFB93-7355-4367-A325-02A7D3952A5F}.Debug|Any CPU.Build.0 = Debug|Any CPU
		{A3DAFB93-7355-4367-A325-02A7D3952A5F}.Release|Any CPU.ActiveCfg = Release|Any CPU
		{A3DAFB93-7355-4367-A325-02A7D3952A5F}.Release|Any CPU.Build.0 = Release|Any CPU
	EndGlobalSection
	GlobalSection(SolutionProperties) = preSolution
		HideSolutionNode = FALSE
	EndGlobalSection
	GlobalSection(ExtensibilityGlobals) = postSolution
		SolutionGuid = {AA26F091-7EC3-4683-9507-0A2B956373E5}
	EndGlobalSection
EndGlobal
